
Microsoft Visual Studio Solution File, Format Version 12.00
# Visual Studio Version 17
VisualStudioVersion = 17.0.31903.59
MinimumVisualStudioVersion = 10.0.40219.1
Project("{2150E333-8FDC-42A3-9474-1A3956D46DE8}") = "src", "src", "{827E0CD3-B72D-47B6-A68D-7590B98EB39B}"
EndProject
Project("{FAE04EC0-301F-11D3-BF4B-00C04F79EFBC}") = "ECUStudio.AI", "src\ECUStudio.AI\ECUStudio.AI.csproj", "{962410E7-188C-42CE-B271-065768E01FC3}"
EndProject
Project("{FAE04EC0-301F-11D3-BF4B-00C04F79EFBC}") = "ECUStudio.Core", "src\ECUStudio.Core\ECUStudio.Core.csproj", "{FE6D050B-CA28-4BF6-9F0E-5FC5213C651A}"
EndProject
Project("{FAE04EC0-301F-11D3-BF4B-00C04F79EFBC}") = "ECUStudio.Api", "src\ECUStudio.Api\ECUStudio.Api.csproj", "{CCB30CB8-9DFB-4A4C-AD49-9FD834A7A590}"
EndProject
Project("{FAE04EC0-301F-11D3-BF4B-00C04F79EFBC}") = "ECUStudio.Application", "src\ECUStudio.Application\ECUStudio.Application.csproj", "{07969D57-19FC-4AE9-B9E1-333DCFD233E7}"
EndProject
Project("{FAE04EC0-301F-11D3-BF4B-00C04F79EFBC}") = "ECUStudio.Binary", "src\ECUStudio.Binary\ECUStudio.Binary.csproj", "{6D39F94F-0FA6-4D98-A8CD-1B24A8428401}"
EndProject
Project("{FAE04EC0-301F-11D3-BF4B-00C04F79EFBC}") = "ECUStudio.Calibration", "src\ECUStudio.Calibration\ECUStudio.Calibration.csproj", "{85D84FAF-6483-4CBC-B36A-99FB4987854F}"
EndProject
Project("{FAE04EC0-301F-11D3-BF4B-00C04F79EFBC}") = "ECUStudio.Vehicle", "src\ECUStudio.Vehicle\ECUStudio.Vehicle.csproj", "{4FEA3904-1400-4696-B3B6-7799D15DDF87}"
EndProject
Project("{FAE04EC0-301F-11D3-BF4B-00C04F79EFBC}") = "ECUStudio.Components", "src\ECUStudio.Components\ECUStudio.Components.csproj", "{29931D33-E53E-4CF2-876D-DB2615367EF5}"
EndProject
Project("{FAE04EC0-301F-11D3-BF4B-00C04F79EFBC}") = "ECUStudio.Simulation", "src\ECUStudio.Simulation\ECUStudio.Simulation.csproj", "{6D557D47-1792-4217-A380-3BD877EA0EBF}"
EndProject
Project("{FAE04EC0-301F-11D3-BF4B-00C04F79EFBC}") = "ECUStudio.Risk", "src\ECUStudio.Risk\ECUStudio.Risk.csproj", "{231A7229-23ED-4535-A22D-64E612160DC6}"
EndProject
Project("{FAE04EC0-301F-11D3-BF4B-00C04F79EFBC}") = "ECUStudio.Infrastructure", "src\ECUStudio.Infrastructure\ECUStudio.Infrastructure.csproj", "{7A4C17E7-DDB9-4A50-A38E-692014E96AC0}"
EndProject
Project("{FAE04EC0-301F-11D3-BF4B-00C04F79EFBC}") = "ECUStudio.Cli", "src\ECUStudio.Cli\ECUStudio.Cli.csproj", "{01522774-C321-4587-B76B-01148C0A6A3C}"
EndProject
Project("{2150E333-8FDC-42A3-9474-1A3956D46DE8}") = "tests", "tests", "{0AB3BF05-4346-4AA6-1389-037BE0695223}"
EndProject
Project("{FAE04EC0-301F-11D3-BF4B-00C04F79EFBC}") = "ECUStudio.Tests", "tests\ECUStudio.Tests\ECUStudio.Tests.csproj", "{77BBD2BD-A2AF-4FC9-87D0-FA919180A4C7}"
EndProject
Project("{2150E333-8FDC-42A3-9474-1A3956D46DE8}") = "benchmarks", "benchmarks", "{66320409-64EC-F7C5-3DEF-65E7510DAAD1}"
EndProject
Project("{FAE04EC0-301F-11D3-BF4B-00C04F79EFBC}") = "ECUStudio.Benchmarks", "benchmarks\ECUStudio.Benchmarks\ECUStudio.Benchmarks.csproj", "{2CB2413C-9A0E-43A5-A520-53FF80906AA7}"
EndProject
Project("{FAE04EC0-301F-11D3-BF4B-00C04F79EFBC}") = "ECUStudio.Desktop", "src\ECUStudio.Desktop\ECUStudio.Desktop.csproj", "{39403F05-6B7E-422E-8095-C8F65020F840}"
EndProject
Global
	GlobalSection(SolutionConfigurationPlatforms) = preSolution
		Debug|Any CPU = Debug|Any CPU
		Debug|x64 = Debug|x64
		Debug|x86 = Debug|x86
		Release|Any CPU = Release|Any CPU
		Release|x64 = Release|x64
		Release|x86 = Release|x86
	EndGlobalSection
	GlobalSection(ProjectConfigurationPlatforms) = postSolution
		{962410E7-188C-42CE-B271-065768E01FC3}.Debug|Any CPU.ActiveCfg = Debug|Any CPU
		{962410E7-188C-42CE-B271-065768E01FC3}.Debug|Any CPU.Build.0 = Debug|Any CPU
		{962410E7-188C-42CE-B271-065768E01FC3}.Debug|x64.ActiveCfg = Debug|Any CPU
		{962410E7-188C-42CE-B271-065768E01FC3}.Debug|x64.Build.0 = Debug|Any CPU
		{962410E7-188C-42CE-B271-065768E01FC3}.Debug|x86.ActiveCfg = Debug|Any CPU
		{962410E7-188C-42CE-B271-065768E01FC3}.Debug|x86.Build.0 = Debug|Any CPU
		{962410E7-188C-42CE-B271-065768E01FC3}.Release|Any CPU.ActiveCfg = Release|Any CPU
		{962410E7-188C-42CE-B271-065768E01FC3}.Release|Any CPU.Build.0 = Release|Any CPU
		{962410E7-188C-42CE-B271-065768E01FC3}.Release|x64.ActiveCfg = Release|Any CPU
		{962410E7-188C-42CE-B271-065768E01FC3}.Release|x64.Build.0 = Release|Any CPU
		{962410E7-188C-42CE-B271-065768E01FC3}.Release|x86.ActiveCfg = Release|Any CPU
		{962410E7-188C-42CE-B271-065768E01FC3}.Release|x86.Build.0 = Release|Any CPU
		{FE6D050B-CA28-4BF6-9F0E-5FC5213C651A}.Debug|Any CPU.ActiveCfg = Debug|Any CPU
		{FE6D050B-CA28-4BF6-9F0E-5FC5213C651A}.Debug|Any CPU.Build.0 = Debug|Any CPU
		{FE6D050B-CA28-4BF6-9F0E-5FC5213C651A}.Debug|x64.ActiveCfg = Debug|Any CPU
		{FE6D050B-CA28-4BF6-9F0E-5FC5213C651A}.Debug|x64.Build.0 = Debug|Any CPU
		{FE6D050B-CA28-4BF6-9F0E-5FC5213C651A}.Debug|x86.ActiveCfg = Debug|Any CPU
		{FE6D050B-CA28-4BF6-9F0E-5FC5213C651A}.Debug|x86.Build.0 = Debug|Any CPU
		{FE6D050B-CA28-4BF6-9F0E-5FC5213C651A}.Release|Any CPU.ActiveCfg = Release|Any CPU
		{FE6D050B-CA28-4BF6-9F0E-5FC5213C651A}.Release|Any CPU.Build.0 = Release|Any CPU
		{FE6D050B-CA28-4BF6-9F0E-5FC5213C651A}.Release|x64.ActiveCfg = Release|Any CPU
		{FE6D050B-CA28-4BF6-9F0E-5FC5213C651A}.Release|x64.Build.0 = Release|Any CPU
		{FE6D050B-CA28-4BF6-9F0E-5FC5213C651A}.Release|x86.ActiveCfg = Release|Any CPU
		{FE6D050B-CA28-4BF6-9F0E-5FC5213C651A}.Release|x86.Build.0 = Release|Any CPU
		{CCB30CB8-9DFB-4A4C-AD49-9FD834A7A590}.Debug|Any CPU.ActiveCfg = Debug|Any CPU
		{CCB30CB8-9DFB-4A4C-AD49-9FD834A7A590}.Debug|Any CPU.Build.0 = Debug|Any CPU
		{CCB30CB8-9DFB-4A4C-AD49-9FD834A7A590}.Debug|x64.ActiveCfg = Debug|Any CPU
		{CCB30CB8-9DFB-4A4C-AD49-9FD834A7A590}.Debug|x64.Build.0 = Debug|Any CPU
		{CCB30CB8-9DFB-4A4C-AD49-9FD834A7A590}.Debug|x86.ActiveCfg = Debug|Any CPU
		{CCB30CB8-9DFB-4A4C-AD49-9FD834A7A590}.Debug|x86.Build.0 = Debug|Any CPU
		{CCB30CB8-9DFB-4A4C-AD49-9FD834A7A590}.Release|Any CPU.ActiveCfg = Release|Any CPU
		{CCB30CB8-9DFB-4A4C-AD49-9FD834A7A590}.Release|Any CPU.Build.0 = Release|Any CPU
		{CCB30CB8-9DFB-4A4C-AD49-9FD834A7A590}.Release|x64.ActiveCfg = Release|Any CPU
		{CCB30CB8-9DFB-4A4C-AD49-9FD834A7A590}.Release|x64.Build.0 = Release|Any CPU
		{CCB30CB8-9DFB-4A4C-AD49-9FD834A7A590}.Release|x86.ActiveCfg = Release|Any CPU
		{CCB30CB8-9DFB-4A4C-AD49-9FD834A7A590}.Release|x86.Build.0 = Release|Any CPU
		{07969D57-19FC-4AE9-B9E1-333DCFD233E7}.Debug|Any CPU.ActiveCfg = Debug|Any CPU
		{07969D57-19FC-4AE9-B9E1-333DCFD233E7}.Debug|Any CPU.Build.0 = Debug|Any CPU
		{07969D57-19FC-4AE9-B9E1-333DCFD233E7}.Debug|x64.ActiveCfg = Debug|Any CPU
		{07969D57-19FC-4AE9-B9E1-333DCFD233E7}.Debug|x64.Build.0 = Debug|Any CPU
		{07969D57-19FC-4AE9-B9E1-333DCFD233E7}.Debug|x86.ActiveCfg = Debug|Any CPU
		{07969D57-19FC-4AE9-B9E1-333DCFD233E7}.Debug|x86.Build.0 = Debug|Any CPU
		{07969D57-19FC-4AE9-B9E1-333DCFD233E7}.Release|Any CPU.ActiveCfg = Release|Any CPU
		{07969D57-19FC-4AE9-B9E1-333DCFD233E7}.Release|Any CPU.Build.0 = Release|Any CPU
		{07969D57-19FC-4AE9-B9E1-333DCFD233E7}.Release|x64.ActiveCfg = Release|Any CPU
		{07969D57-19FC-4AE9-B9E1-333DCFD233E7}.Release|x64.Build.0 = Release|Any CPU
		{07969D57-19FC-4AE9-B9E1-333DCFD233E7}.Release|x86.ActiveCfg = Release|Any CPU
		{07969D57-19FC-4AE9-B9E1-333DCFD233E7}.Release|x86.Build.0 = Release|Any CPU
		{6D39F94F-0FA6-4D98-A8CD-1B24A8428401}.Debug|Any CPU.ActiveCfg = Debug|Any CPU
		{6D39F94F-0FA6-4D98-A8CD-1B24A8428401}.Debug|Any CPU.Build.0 = Debug|Any CPU
		{6D39F94F-0FA6-4D98-A8CD-1B24A8428401}.Debug|x64.ActiveCfg = Debug|Any CPU
		{6D39F94F-0FA6-4D98-A8CD-1B24A8428401}.Debug|x64.Build.0 = Debug|Any CPU
		{6D39F94F-0FA6-4D98-A8CD-1B24A8428401}.Debug|x86.ActiveCfg = Debug|Any CPU
		{6D39F94F-0FA6-4D98-A8CD-1B24A8428401}.Debug|x86.Build.0 = Debug|Any CPU
		{6D39F94F-0FA6-4D98-A8CD-1B24A8428401}.Release|Any CPU.ActiveCfg = Release|Any CPU
		{6D39F94F-0FA6-4D98-A8CD-1B24A8428401}.Release|Any CPU.Build.0 = Release|Any CPU
		{6D39F94F-0FA6-4D98-A8CD-1B24A8428401}.Release|x64.ActiveCfg = Release|Any CPU
		{6D39F94F-0FA6-4D98-A8CD-1B24A8428401}.Release|x64.Build.0 = Release|Any CPU
		{6D39F94F-0FA6-4D98-A8CD-1B24A8428401}.Release|x86.ActiveCfg = Release|Any CPU
		{6D39F94F-0FA6-4D98-A8CD-1B24A8428401}.Release|x86.Build.0 = Release|Any CPU
		{85D84FAF-6483-4CBC-B36A-99FB4987854F}.Debug|Any CPU.ActiveCfg = Debug|Any CPU
		{85D84FAF-6483-4CBC-B36A-99FB4987854F}.Debug|Any CPU.Build.0 = Debug|Any CPU
		{85D84FAF-6483-4CBC-B36A-99FB4987854F}.Debug|x64.ActiveCfg = Debug|Any CPU
		{85D84FAF-6483-4CBC-B36A-99FB4987854F}.Debug|x64.Build.0 = Debug|Any CPU
		{85D84FAF-6483-4CBC-B36A-99FB4987854F}.Debug|x86.ActiveCfg = Debug|Any CPU
		{85D84FAF-6483-4CBC-B36A-99FB4987854F}.Debug|x86.Build.0 = Debug|Any CPU
		{85D84FAF-6483-4CBC-B36A-99FB4987854F}.Release|Any CPU.ActiveCfg = Release|Any CPU
		{85D84FAF-6483-4CBC-B36A-99FB4987854F}.Release|Any CPU.Build.0 = Release|Any CPU
		{85D84FAF-6483-4CBC-B36A-99FB4987854F}.Release|x64.ActiveCfg = Release|Any CPU
		{85D84FAF-6483-4CBC-B36A-99FB4987854F}.Release|x64.Build.0 = Release|Any CPU
		{85D84FAF-6483-4CBC-B36A-99FB4987854F}.Release|x86.ActiveCfg = Release|Any CPU
		{85D84FAF-6483-4CBC-B36A-99FB4987854F}.Release|x86.Build.0 = Release|Any CPU
		{4FEA3904-1400-4696-B3B6-7799D15DDF87}.Debug|Any CPU.ActiveCfg = Debug|Any CPU
		{4FEA3904-1400-4696-B3B6-7799D15DDF87}.Debug|Any CPU.Build.0 = Debug|Any CPU
		{4FEA3904-1400-4696-B3B6-7799D15DDF87}.Debug|x64.ActiveCfg = Debug|Any CPU
		{4FEA3904-1400-4696-B3B6-7799D15DDF87}.Debug|x64.Build.0 = Debug|Any CPU
		{4FEA3904-1400-4696-B3B6-7799D15DDF87}.Debug|x86.ActiveCfg = Debug|Any CPU
		{4FEA3904-1400-4696-B3B6-7799D15DDF87}.Debug|x86.Build.0 = Debug|Any CPU
		{4FEA3904-1400-4696-B3B6-7799D15DDF87}.Release|Any CPU.ActiveCfg = Release|Any CPU
		{4FEA3904-1400-4696-B3B6-7799D15DDF87}.Release|Any CPU.Build.0 = Release|Any CPU
		{4FEA3904-1400-4696-B3B6-7799D15DDF87}.Release|x64.ActiveCfg = Release|Any CPU
		{4FEA3904-1400-4696-B3B6-7799D15DDF87}.Release|x64.Build.0 = Release|Any CPU
		{4FEA3904-1400-4696-B3B6-7799D15DDF87}.Release|x86.ActiveCfg = Release|Any CPU
		{4FEA3904-1400-4696-B3B6-7799D15DDF87}.Release|x86.Build.0 = Release|Any CPU
		{29931D33-E53E-4CF2-876D-DB2615367EF5}.Debug|Any CPU.ActiveCfg = Debug|Any CPU
		{29931D33-E53E-4CF2-876D-DB2615367EF5}.Debug|Any CPU.Build.0 = Debug|Any CPU
		{29931D33-E53E-4CF2-876D-DB2615367EF5}.Debug|x64.ActiveCfg = Debug|Any CPU
		{29931D33-E53E-4CF2-876D-DB2615367EF5}.Debug|x64.Build.0 = Debug|Any CPU
		{29931D33-E53E-4CF2-876D-DB2615367EF5}.Debug|x86.ActiveCfg = Debug|Any CPU
		{29931D33-E53E-4CF2-876D-DB2615367EF5}.Debug|x86.Build.0 = Debug|Any CPU
		{29931D33-E53E-4CF2-876D-DB2615367EF5}.Release|Any CPU.ActiveCfg = Release|Any CPU
		{29931D33-E53E-4CF2-876D-DB2615367EF5}.Release|Any CPU.Build.0 = Release|Any CPU
		{29931D33-E53E-4CF2-876D-DB2615367EF5}.Release|x64.ActiveCfg = Release|Any CPU
		{29931D33-E53E-4CF2-876D-DB2615367EF5}.Release|x64.Build.0 = Release|Any CPU
		{29931D33-E53E-4CF2-876D-DB2615367EF5}.Release|x86.ActiveCfg = Release|Any CPU
		{29931D33-E53E-4CF2-876D-DB2615367EF5}.Release|x86.Build.0 = Release|Any CPU
		{6D557D47-1792-4217-A380-3BD877EA0EBF}.Debug|Any CPU.ActiveCfg = Debug|Any CPU
		{6D557D47-1792-4217-A380-3BD877EA0EBF}.Debug|Any CPU.Build.0 = Debug|Any CPU
		{6D557D47-1792-4217-A380-3BD877EA0EBF}.Debug|x64.ActiveCfg = Debug|Any CPU
		{6D557D47-1792-4217-A380-3BD877EA0EBF}.Debug|x64.Build.0 = Debug|Any CPU
		{6D557D47-1792-4217-A380-3BD877EA0EBF}.Debug|x86.ActiveCfg = Debug|Any CPU
		{6D557D47-1792-4217-A380-3BD877EA0EBF}.Debug|x86.Build.0 = Debug|Any CPU
		{6D557D47-1792-4217-A380-3BD877EA0EBF}.Release|Any CPU.ActiveCfg = Release|Any CPU
		{6D557D47-1792-4217-A380-3BD877EA0EBF}.Release|Any CPU.Build.0 = Release|Any CPU
		{6D557D47-1792-4217-A380-3BD877EA0EBF}.Release|x64.ActiveCfg = Release|Any CPU
		{6D557D47-1792-4217-A380-3BD877EA0EBF}.Release|x64.Build.0 = Release|Any CPU
		{6D557D47-1792-4217-A380-3BD877EA0EBF}.Release|x86.ActiveCfg = Release|Any CPU
		{6D557D47-1792-4217-A380-3BD877EA0EBF}.Release|x86.Build.0 = Release|Any CPU
		{231A7229-23ED-4535-A22D-64E612160DC6}.Debug|Any CPU.ActiveCfg = Debug|Any CPU
		{231A7229-23ED-4535-A22D-64E612160DC6}.Debug|Any CPU.Build.0 = Debug|Any CPU
		{231A7229-23ED-4535-A22D-64E612160DC6}.Debug|x64.ActiveCfg = Debug|Any CPU
		{231A7229-23ED-4535-A22D-64E612160DC6}.Debug|x64.Build.0 = Debug|Any CPU
		{231A7229-23ED-4535-A22D-64E612160DC6}.Debug|x86.ActiveCfg = Debug|Any CPU
		{231A7229-23ED-4535-A22D-64E612160DC6}.Debug|x86.Build.0 = Debug|Any CPU
		{231A7229-23ED-4535-A22D-64E612160DC6}.Release|Any CPU.ActiveCfg = Release|Any CPU
		{231A7229-23ED-4535-A22D-64E612160DC6}.Release|Any CPU.Build.0 = Release|Any CPU
		{231A7229-23ED-4535-A22D-64E612160DC6}.Release|x64.ActiveCfg = Release|Any CPU
		{231A7229-23ED-4535-A22D-64E612160DC6}.Release|x64.Build.0 = Release|Any CPU
		{231A7229-23ED-4535-A22D-64E612160DC6}.Release|x86.ActiveCfg = Release|Any CPU
		{231A7229-23ED-4535-A22D-64E612160DC6}.Release|x86.Build.0 = Release|Any CPU
		{7A4C17E7-DDB9-4A50-A38E-692014E96AC0}.Debug|Any CPU.ActiveCfg = Debug|Any CPU
		{7A4C17E7-DDB9-4A50-A38E-692014E96AC0}.Debug|Any CPU.Build.0 = Debug|Any CPU
		{7A4C17E7-DDB9-4A50-A38E-692014E96AC0}.Debug|x64.ActiveCfg = Debug|Any CPU
		{7A4C17E7-DDB9-4A50-A38E-692014E96AC0}.Debug|x64.Build.0 = Debug|Any CPU
		{7A4C17E7-DDB9-4A50-A38E-692014E96AC0}.Debug|x86.ActiveCfg = Debug|Any CPU
		{7A4C17E7-DDB9-4A50-A38E-692014E96AC0}.Debug|x86.Build.0 = Debug|Any CPU
		{7A4C17E7-DDB9-4A50-A38E-692014E96AC0}.Release|Any CPU.ActiveCfg = Release|Any CPU
		{7A4C17E7-DDB9-4A50-A38E-692014E96AC0}.Release|Any CPU.Build.0 = Release|Any CPU
		{7A4C17E7-DDB9-4A50-A38E-692014E96AC0}.Release|x64.ActiveCfg = Release|Any CPU
		{7A4C17E7-DDB9-4A50-A38E-692014E96AC0}.Release|x64.Build.0 = Release|Any CPU
		{7A4C17E7-DDB9-4A50-A38E-692014E96AC0}.Release|x86.ActiveCfg = Release|Any CPU
		{7A4C17E7-DDB9-4A50-A38E-692014E96AC0}.Release|x86.Build.0 = Release|Any CPU
		{01522774-C321-4587-B76B-01148C0A6A3C}.Debug|Any CPU.ActiveCfg = Debug|Any CPU
		{01522774-C321-4587-B76B-01148C0A6A3C}.Debug|Any CPU.Build.0 = Debug|Any CPU
		{01522774-C321-4587-B76B-01148C0A6A3C}.Debug|x64.ActiveCfg = Debug|Any CPU
		{01522774-C321-4587-B76B-01148C0A6A3C}.Debug|x64.Build.0 = Debug|Any CPU
		{01522774-C321-4587-B76B-01148C0A6A3C}.Debug|x86.ActiveCfg = Debug|Any CPU
		{01522774-C321-4587-B76B-01148C0A6A3C}.Debug|x86.Build.0 = Debug|Any CPU
		{01522774-C321-4587-B76B-01148C0A6A3C}.Release|Any CPU.ActiveCfg = Release|Any CPU
		{01522774-C321-4587-B76B-01148C0A6A3C}.Release|Any CPU.Build.0 = Release|Any CPU
		{01522774-C321-4587-B76B-01148C0A6A3C}.Release|x64.ActiveCfg = Release|Any CPU
		{01522774-C321-4587-B76B-01148C0A6A3C}.Release|x64.Build.0 = Release|Any CPU
		{01522774-C321-4587-B76B-01148C0A6A3C}.Release|x86.ActiveCfg = Release|Any CPU
		{01522774-C321-4587-B76B-01148C0A6A3C}.Release|x86.Build.0 = Release|Any CPU
		{77BBD2BD-A2AF-4FC9-87D0-FA919180A4C7}.Debug|Any CPU.ActiveCfg = Debug|Any CPU
		{77BBD2BD-A2AF-4FC9-87D0-FA919180A4C7}.Debug|Any CPU.Build.0 = Debug|Any CPU
		{77BBD2BD-A2AF-4FC9-87D0-FA919180A4C7}.Debug|x64.ActiveCfg = Debug|Any CPU
		{77BBD2BD-A2AF-4FC9-87D0-FA919180A4C7}.Debug|x64.Build.0 = Debug|Any CPU
		{77BBD2BD-A2AF-4FC9-87D0-FA919180A4C7}.Debug|x86.ActiveCfg = Debug|Any CPU
		{77BBD2BD-A2AF-4FC9-87D0-FA919180A4C7}.Debug|x86.Build.0 = Debug|Any CPU
		{77BBD2BD-A2AF-4FC9-87D0-FA919180A4C7}.Release|Any CPU.ActiveCfg = Release|Any CPU
		{77BBD2BD-A2AF-4FC9-87D0-FA919180A4C7}.Release|Any CPU.Build.0 = Release|Any CPU
		{77BBD2BD-A2AF-4FC9-87D0-FA919180A4C7}.Release|x64.ActiveCfg = Release|Any CPU
		{77BBD2BD-A2AF-4FC9-87D0-FA919180A4C7}.Release|x64.Build.0 = Release|Any CPU
		{77BBD2BD-A2AF-4FC9-87D0-FA919180A4C7}.Release|x86.ActiveCfg = Release|Any CPU
		{77BBD2BD-A2AF-4FC9-87D0-FA919180A4C7}.Release|x86.Build.0 = Release|Any CPU
		{2CB2413C-9A0E-43A5-A520-53FF80906AA7}.Debug|Any CPU.ActiveCfg = Debug|Any CPU
		{2CB2413C-9A0E-43A5-A520-53FF80906AA7}.Debug|Any CPU.Build.0 = Debug|Any CPU
		{2CB2413C-9A0E-43A5-A520-53FF80906AA7}.Debug|x64.ActiveCfg = Debug|Any CPU
		{2CB2413C-9A0E-43A5-A520-53FF80906AA7}.Debug|x64.Build.0 = Debug|Any CPU
		{2CB2413C-9A0E-43A5-A520-53FF80906AA7}.Debug|x86.ActiveCfg = Debug|Any CPU
		{2CB2413C-9A0E-43A5-A520-53FF80906AA7}.Debug|x86.Build.0 = Debug|Any CPU
		{2CB2413C-9A0E-43A5-A520-53FF80906AA7}.Release|Any CPU.ActiveCfg = Release|Any CPU
		{2CB2413C-9A0E-43A5-A520-53FF80906AA7}.Release|Any CPU.Build.0 = Release|Any CPU
		{2CB2413C-9A0E-43A5-A520-53FF80906AA7}.Release|x64.ActiveCfg = Release|Any CPU
		{2CB2413C-9A0E-43A5-A520-53FF80906AA7}.Release|x64.Build.0 = Release|Any CPU
		{2CB2413C-9A0E-43A5-A520-53FF80906AA7}.Release|x86.ActiveCfg = Release|Any CPU
		{2CB2413C-9A0E-43A5-A520-53FF80906AA7}.Release|x86.Build.0 = Release|Any CPU
		{39403F05-6B7E-422E-8095-C8F65020F840}.Debug|Any CPU.ActiveCfg = Debug|Any CPU
		{39403F05-6B7E-422E-8095-C8F65020F840}.Debug|Any CPU.Build.0 = Debug|Any CPU
		{39403F05-6B7E-422E-8095-C8F65020F840}.Debug|x64.ActiveCfg = Debug|Any CPU
		{39403F05-6B7E-422E-8095-C8F65020F840}.Debug|x64.Build.0 = Debug|Any CPU
		{39403F05-6B7E-422E-8095-C8F65020F840}.Debug|x86.ActiveCfg = Debug|Any CPU
		{39403F05-6B7E-422E-8095-C8F65020F840}.Debug|x86.Build.0 = Debug|Any CPU
		{39403F05-6B7E-422E-8095-C8F65020F840}.Release|Any CPU.ActiveCfg = Release|Any CPU
		{39403F05-6B7E-422E-8095-C8F65020F840}.Release|Any CPU.Build.0 = Release|Any CPU
		{39403F05-6B7E-422E-8095-C8F65020F840}.Release|x64.ActiveCfg = Release|Any CPU
		{39403F05-6B7E-422E-8095-C8F65020F840}.Release|x64.Build.0 = Release|Any CPU
		{39403F05-6B7E-422E-8095-C8F65020F840}.Release|x86.ActiveCfg = Release|Any CPU
		{39403F05-6B7E-422E-8095-C8F65020F840}.Release|x86.Build.0 = Release|Any CPU
	EndGlobalSection
	GlobalSection(SolutionProperties) = preSolution
		HideSolutionNode = FALSE
	EndGlobalSection
	GlobalSection(NestedProjects) = preSolution
		{962410E7-188C-42CE-B271-065768E01FC3} = {827E0CD3-B72D-47B6-A68D-7590B98EB39B}
		{FE6D050B-CA28-4BF6-9F0E-5FC5213C651A} = {827E0CD3-B72D-47B6-A68D-7590B98EB39B}
		{CCB30CB8-9DFB-4A4C-AD49-9FD834A7A590} = {827E0CD3-B72D-47B6-A68D-7590B98EB39B}
		{07969D57-19FC-4AE9-B9E1-333DCFD233E7} = {827E0CD3-B72D-47B6-A68D-7590B98EB39B}
		{6D39F94F-0FA6-4D98-A8CD-1B24A8428401} = {827E0CD3-B72D-47B6-A68D-7590B98EB39B}
		{85D84FAF-6483-4CBC-B36A-99FB4987854F} = {827E0CD3-B72D-47B6-A68D-7590B98EB39B}
		{4FEA3904-1400-4696-B3B6-7799D15DDF87} = {827E0CD3-B72D-47B6-A68D-7590B98EB39B}
		{29931D33-E53E-4CF2-876D-DB2615367EF5} = {827E0CD3-B72D-47B6-A68D-7590B98EB39B}
		{6D557D47-1792-4217-A380-3BD877EA0EBF} = {827E0CD3-B72D-47B6-A68D-7590B98EB39B}
		{231A7229-23ED-4535-A22D-64E612160DC6} = {827E0CD3-B72D-47B6-A68D-7590B98EB39B}
		{7A4C17E7-DDB9-4A50-A38E-692014E96AC0} = {827E0CD3-B72D-47B6-A68D-7590B98EB39B}
		{01522774-C321-4587-B76B-01148C0A6A3C} = {827E0CD3-B72D-47B6-A68D-7590B98EB39B}
		{77BBD2BD-A2AF-4FC9-87D0-FA919180A4C7} = {0AB3BF05-4346-4AA6-1389-037BE0695223}
		{2CB2413C-9A0E-43A5-A520-53FF80906AA7} = {66320409-64EC-F7C5-3DEF-65E7510DAAD1}
		{39403F05-6B7E-422E-8095-C8F65020F840} = {827E0CD3-B72D-47B6-A68D-7590B98EB39B}
	EndGlobalSection
EndGlobal
